
Microsoft Visual Studio Solution File, Format Version 12.00
Project("{FAE04EC0-301F-11D3-BF4B-00C04F79EFBC}") = "Koop", "Koop\Koop.csproj", "{3395D192-2C65-4029-9B40-DFFA89278482}"
EndProject
Global
	GlobalSection(SolutionConfigurationPlatforms) = preSolution
		Debug|Any CPU = Debug|Any CPU
		Release|Any CPU = Release|Any CPU
	EndGlobalSection
	GlobalSection(ProjectConfigurationPlatforms) = postSolution
		{3395D192-2C65-4029-9B40-DFFA89278482}.Debug|Any CPU.ActiveCfg = Debug|Any CPU
		{3395D192-2C65-4029-9B40-DFFA89278482}.Debug|Any CPU.Build.0 = Debug|Any CPU
		{3395D192-2C65-4029-9B40-DFFA89278482}.Release|Any CPU.ActiveCfg = Release|Any CPU
		{3395D192-2C65-4029-9B40-DFFA89278482}.Release|Any CPU.Build.0 = Release|Any CPU
	EndGlobalSection
EndGlobal
